// !$*UTF8*$!
{
	archiveVersion = 1;
	classes = {
	};
	objectVersion = 55;
	objects = {

/* Begin PBXBuildFile section */
		B23E0F5B27FD41730060E7CF /* CoreDataUtil.swift in Sources */ = {isa = PBXBuildFile; fileRef = B23E0F5A27FD41730060E7CF /* CoreDataUtil.swift */; };
		B23E0F5F27FD47C40060E7CF /* StartWorkoutVC.swift in Sources */ = {isa = PBXBuildFile; fileRef = B23E0F5E27FD47C40060E7CF /* StartWorkoutVC.swift */; };
		B23E0F6127FD4E7A0060E7CF /* WorkoutVC.swift in Sources */ = {isa = PBXBuildFile; fileRef = B23E0F6027FD4E7A0060E7CF /* WorkoutVC.swift */; };
		B23E0F6327FD52290060E7CF /* WorkoutTableVC.swift in Sources */ = {isa = PBXBuildFile; fileRef = B23E0F6227FD52290060E7CF /* WorkoutTableVC.swift */; };
		B23E0F6527FD53340060E7CF /* WorkoutSetHeaderTableViewCell.swift in Sources */ = {isa = PBXBuildFile; fileRef = B23E0F6427FD53340060E7CF /* WorkoutSetHeaderTableViewCell.swift */; };
		B23E0F6727FD5D120060E7CF /* WorkoutTableHeaderFooterView.swift in Sources */ = {isa = PBXBuildFile; fileRef = B23E0F6627FD5D120060E7CF /* WorkoutTableHeaderFooterView.swift */; };
		B23E0F6927FDEC170060E7CF /* WorkoutSetTableViewCell.swift in Sources */ = {isa = PBXBuildFile; fileRef = B23E0F6827FDEC170060E7CF /* WorkoutSetTableViewCell.swift */; };
		B23E0F6D27FDF8F40060E7CF /* CircleView.swift in Sources */ = {isa = PBXBuildFile; fileRef = B23E0F6C27FDF8F40060E7CF /* CircleView.swift */; };
		B23E0F6F27FE00560060E7CF /* UITextField+Extensions.swift in Sources */ = {isa = PBXBuildFile; fileRef = B23E0F6E27FE00560060E7CF /* UITextField+Extensions.swift */; };
		B23E0F7227FE47900060E7CF /* SetViewModel.swift in Sources */ = {isa = PBXBuildFile; fileRef = B23E0F7127FE47900060E7CF /* SetViewModel.swift */; };
		B23E0F7427FE48190060E7CF /* WorkoutSet.swift in Sources */ = {isa = PBXBuildFile; fileRef = B23E0F7327FE48190060E7CF /* WorkoutSet.swift */; };
		B23E0F7627FE63350060E7CF /* WorkoutViewModel.swift in Sources */ = {isa = PBXBuildFile; fileRef = B23E0F7527FE63350060E7CF /* WorkoutViewModel.swift */; };
		B23E0F7827FF48B80060E7CF /* HeaderLabel.swift in Sources */ = {isa = PBXBuildFile; fileRef = B23E0F7727FF48B70060E7CF /* HeaderLabel.swift */; };
		B23E0F7A27FF49970060E7CF /* Constants.swift in Sources */ = {isa = PBXBuildFile; fileRef = B23E0F7927FF49970060E7CF /* Constants.swift */; };
		B2D67F1C27F75FF700ECC969 /* AppDelegate.swift in Sources */ = {isa = PBXBuildFile; fileRef = B2D67F1B27F75FF700ECC969 /* AppDelegate.swift */; };
		B2D67F1E27F75FF700ECC969 /* SceneDelegate.swift in Sources */ = {isa = PBXBuildFile; fileRef = B2D67F1D27F75FF700ECC969 /* SceneDelegate.swift */; };
		B2D67F2027F75FF700ECC969 /* ExerciseTableVC.swift in Sources */ = {isa = PBXBuildFile; fileRef = B2D67F1F27F75FF700ECC969 /* ExerciseTableVC.swift */; };
		B2D67F2327F75FF700ECC969 /* Main.storyboard in Resources */ = {isa = PBXBuildFile; fileRef = B2D67F2127F75FF700ECC969 /* Main.storyboard */; };
		B2D67F2827F75FF900ECC969 /* Assets.xcassets in Resources */ = {isa = PBXBuildFile; fileRef = B2D67F2727F75FF900ECC969 /* Assets.xcassets */; };
		B2D67F2B27F75FF900ECC969 /* LaunchScreen.storyboard in Resources */ = {isa = PBXBuildFile; fileRef = B2D67F2927F75FF900ECC969 /* LaunchScreen.storyboard */; };
		B2D67F3427F7641000ECC969 /* ExerciseTableViewCell.swift in Sources */ = {isa = PBXBuildFile; fileRef = B2D67F3327F7641000ECC969 /* ExerciseTableViewCell.swift */; };
		B2D67F3727F7669F00ECC969 /* ExerciseViewModel.swift in Sources */ = {isa = PBXBuildFile; fileRef = B2D67F3627F7669F00ECC969 /* ExerciseViewModel.swift */; };
		B2D67F3A27F766DA00ECC969 /* Exercise.swift in Sources */ = {isa = PBXBuildFile; fileRef = B2D67F3927F766DA00ECC969 /* Exercise.swift */; };
		B2D67F3C27F7765C00ECC969 /* Exercises.json in Resources */ = {isa = PBXBuildFile; fileRef = B2D67F3B27F7765C00ECC969 /* Exercises.json */; };
		B2D67F3E27F7767E00ECC969 /* ExercisesViewModel.swift in Sources */ = {isa = PBXBuildFile; fileRef = B2D67F3D27F7767E00ECC969 /* ExercisesViewModel.swift */; };
		B2D67F4B27FA3FC300ECC969 /* ExerciseDetailVC.swift in Sources */ = {isa = PBXBuildFile; fileRef = B2D67F4A27FA3FC300ECC969 /* ExerciseDetailVC.swift */; };
		B2D67F4D27FA495200ECC969 /* HistoryTableViewCell.swift in Sources */ = {isa = PBXBuildFile; fileRef = B2D67F4C27FA495200ECC969 /* HistoryTableViewCell.swift */; };
		B2D67F5327FA557B00ECC969 /* Charts in Frameworks */ = {isa = PBXBuildFile; productRef = B2D67F5227FA557B00ECC969 /* Charts */; };
		B2D67F5527FA723A00ECC969 /* HistoryViewModel.swift in Sources */ = {isa = PBXBuildFile; fileRef = B2D67F5427FA723A00ECC969 /* HistoryViewModel.swift */; };
		B2D67F5727FA75A300ECC969 /* Date+Extensions.swift in Sources */ = {isa = PBXBuildFile; fileRef = B2D67F5627FA75A300ECC969 /* Date+Extensions.swift */; };
		B2D67F5B27FB2AA200ECC969 /* ChartTitleView.swift in Sources */ = {isa = PBXBuildFile; fileRef = B2D67F5A27FB2AA200ECC969 /* ChartTitleView.swift */; };
		B2D67F5D27FB305B00ECC969 /* ExerciseHistoryVC.swift in Sources */ = {isa = PBXBuildFile; fileRef = B2D67F5C27FB305B00ECC969 /* ExerciseHistoryVC.swift */; };
		B2D67F5F27FB370C00ECC969 /* ExerciseChartVC.swift in Sources */ = {isa = PBXBuildFile; fileRef = B2D67F5E27FB370C00ECC969 /* ExerciseChartVC.swift */; };
		B2E33E1527FC9DC1009FFB04 /* Jungle.xcdatamodeld in Sources */ = {isa = PBXBuildFile; fileRef = B2E33E1327FC9DC1009FFB04 /* Jungle.xcdatamodeld */; };
/* End PBXBuildFile section */

/* Begin PBXFileReference section */
		B23E0F5A27FD41730060E7CF /* CoreDataUtil.swift */ = {isa = PBXFileReference; lastKnownFileType = sourcecode.swift; path = CoreDataUtil.swift; sourceTree = "<group>"; };
		B23E0F5E27FD47C40060E7CF /* StartWorkoutVC.swift */ = {isa = PBXFileReference; lastKnownFileType = sourcecode.swift; path = StartWorkoutVC.swift; sourceTree = "<group>"; };
		B23E0F6027FD4E7A0060E7CF /* WorkoutVC.swift */ = {isa = PBXFileReference; lastKnownFileType = sourcecode.swift; path = WorkoutVC.swift; sourceTree = "<group>"; };
		B23E0F6227FD52290060E7CF /* WorkoutTableVC.swift */ = {isa = PBXFileReference; lastKnownFileType = sourcecode.swift; path = WorkoutTableVC.swift; sourceTree = "<group>"; };
		B23E0F6427FD53340060E7CF /* WorkoutSetHeaderTableViewCell.swift */ = {isa = PBXFileReference; lastKnownFileType = sourcecode.swift; path = WorkoutSetHeaderTableViewCell.swift; sourceTree = "<group>"; };
		B23E0F6627FD5D120060E7CF /* WorkoutTableHeaderFooterView.swift */ = {isa = PBXFileReference; lastKnownFileType = sourcecode.swift; path = WorkoutTableHeaderFooterView.swift; sourceTree = "<group>"; };
		B23E0F6827FDEC170060E7CF /* WorkoutSetTableViewCell.swift */ = {isa = PBXFileReference; lastKnownFileType = sourcecode.swift; path = WorkoutSetTableViewCell.swift; sourceTree = "<group>"; };
		B23E0F6C27FDF8F40060E7CF /* CircleView.swift */ = {isa = PBXFileReference; lastKnownFileType = sourcecode.swift; path = CircleView.swift; sourceTree = "<group>"; };
		B23E0F6E27FE00560060E7CF /* UITextField+Extensions.swift */ = {isa = PBXFileReference; lastKnownFileType = sourcecode.swift; path = "UITextField+Extensions.swift"; sourceTree = "<group>"; };
		B23E0F7127FE47900060E7CF /* SetViewModel.swift */ = {isa = PBXFileReference; lastKnownFileType = sourcecode.swift; path = SetViewModel.swift; sourceTree = "<group>"; };
		B23E0F7327FE48190060E7CF /* WorkoutSet.swift */ = {isa = PBXFileReference; lastKnownFileType = sourcecode.swift; path = WorkoutSet.swift; sourceTree = "<group>"; };
		B23E0F7527FE63350060E7CF /* WorkoutViewModel.swift */ = {isa = PBXFileReference; lastKnownFileType = sourcecode.swift; path = WorkoutViewModel.swift; sourceTree = "<group>"; };
		B23E0F7727FF48B70060E7CF /* HeaderLabel.swift */ = {isa = PBXFileReference; lastKnownFileType = sourcecode.swift; path = HeaderLabel.swift; sourceTree = "<group>"; };
		B23E0F7927FF49970060E7CF /* Constants.swift */ = {isa = PBXFileReference; lastKnownFileType = sourcecode.swift; path = Constants.swift; sourceTree = "<group>"; };
		B2D67F1827F75FF700ECC969 /* Jungle.app */ = {isa = PBXFileReference; explicitFileType = wrapper.application; includeInIndex = 0; path = Jungle.app; sourceTree = BUILT_PRODUCTS_DIR; };
		B2D67F1B27F75FF700ECC969 /* AppDelegate.swift */ = {isa = PBXFileReference; lastKnownFileType = sourcecode.swift; path = AppDelegate.swift; sourceTree = "<group>"; };
		B2D67F1D27F75FF700ECC969 /* SceneDelegate.swift */ = {isa = PBXFileReference; lastKnownFileType = sourcecode.swift; path = SceneDelegate.swift; sourceTree = "<group>"; };
		B2D67F1F27F75FF700ECC969 /* ExerciseTableVC.swift */ = {isa = PBXFileReference; lastKnownFileType = sourcecode.swift; path = ExerciseTableVC.swift; sourceTree = "<group>"; };
		B2D67F2227F75FF700ECC969 /* Base */ = {isa = PBXFileReference; lastKnownFileType = file.storyboard; name = Base; path = Base.lproj/Main.storyboard; sourceTree = "<group>"; };
		B2D67F2727F75FF900ECC969 /* Assets.xcassets */ = {isa = PBXFileReference; lastKnownFileType = folder.assetcatalog; path = Assets.xcassets; sourceTree = "<group>"; };
		B2D67F2A27F75FF900ECC969 /* Base */ = {isa = PBXFileReference; lastKnownFileType = file.storyboard; name = Base; path = Base.lproj/LaunchScreen.storyboard; sourceTree = "<group>"; };
		B2D67F2C27F75FF900ECC969 /* Info.plist */ = {isa = PBXFileReference; lastKnownFileType = text.plist.xml; path = Info.plist; sourceTree = "<group>"; };
		B2D67F3327F7641000ECC969 /* ExerciseTableViewCell.swift */ = {isa = PBXFileReference; lastKnownFileType = sourcecode.swift; path = ExerciseTableViewCell.swift; sourceTree = "<group>"; };
		B2D67F3627F7669F00ECC969 /* ExerciseViewModel.swift */ = {isa = PBXFileReference; lastKnownFileType = sourcecode.swift; path = ExerciseViewModel.swift; sourceTree = "<group>"; };
		B2D67F3927F766DA00ECC969 /* Exercise.swift */ = {isa = PBXFileReference; lastKnownFileType = sourcecode.swift; path = Exercise.swift; sourceTree = "<group>"; };
		B2D67F3B27F7765C00ECC969 /* Exercises.json */ = {isa = PBXFileReference; fileEncoding = 4; lastKnownFileType = text.json; name = Exercises.json; path = ../../../../Exercises.json; sourceTree = "<group>"; };
		B2D67F3D27F7767E00ECC969 /* ExercisesViewModel.swift */ = {isa = PBXFileReference; lastKnownFileType = sourcecode.swift; path = ExercisesViewModel.swift; sourceTree = "<group>"; };
		B2D67F4A27FA3FC300ECC969 /* ExerciseDetailVC.swift */ = {isa = PBXFileReference; lastKnownFileType = sourcecode.swift; path = ExerciseDetailVC.swift; sourceTree = "<group>"; };
		B2D67F4C27FA495200ECC969 /* HistoryTableViewCell.swift */ = {isa = PBXFileReference; lastKnownFileType = sourcecode.swift; path = HistoryTableViewCell.swift; sourceTree = "<group>"; };
		B2D67F5427FA723A00ECC969 /* HistoryViewModel.swift */ = {isa = PBXFileReference; lastKnownFileType = sourcecode.swift; path = HistoryViewModel.swift; sourceTree = "<group>"; };
		B2D67F5627FA75A300ECC969 /* Date+Extensions.swift */ = {isa = PBXFileReference; lastKnownFileType = sourcecode.swift; path = "Date+Extensions.swift"; sourceTree = "<group>"; };
		B2D67F5A27FB2AA200ECC969 /* ChartTitleView.swift */ = {isa = PBXFileReference; lastKnownFileType = sourcecode.swift; path = ChartTitleView.swift; sourceTree = "<group>"; };
		B2D67F5C27FB305B00ECC969 /* ExerciseHistoryVC.swift */ = {isa = PBXFileReference; lastKnownFileType = sourcecode.swift; path = ExerciseHistoryVC.swift; sourceTree = "<group>"; };
		B2D67F5E27FB370C00ECC969 /* ExerciseChartVC.swift */ = {isa = PBXFileReference; lastKnownFileType = sourcecode.swift; path = ExerciseChartVC.swift; sourceTree = "<group>"; };
		B2E33E1427FC9DC1009FFB04 /* Jungle.xcdatamodel */ = {isa = PBXFileReference; lastKnownFileType = wrapper.xcdatamodel; path = Jungle.xcdatamodel; sourceTree = "<group>"; };
/* End PBXFileReference section */

/* Begin PBXFrameworksBuildPhase section */
		B2D67F1527F75FF700ECC969 /* Frameworks */ = {
			isa = PBXFrameworksBuildPhase;
			buildActionMask = 2147483647;
			files = (
				B2D67F5327FA557B00ECC969 /* Charts in Frameworks */,
			);
			runOnlyForDeploymentPostprocessing = 0;
		};
/* End PBXFrameworksBuildPhase section */

/* Begin PBXGroup section */
		B23E0F5C27FD45D70060E7CF /* Exercises */ = {
			isa = PBXGroup;
			children = (
				B2D67F1F27F75FF700ECC969 /* ExerciseTableVC.swift */,
				B2D67F4A27FA3FC300ECC969 /* ExerciseDetailVC.swift */,
				B2D67F5C27FB305B00ECC969 /* ExerciseHistoryVC.swift */,
				B2D67F5E27FB370C00ECC969 /* ExerciseChartVC.swift */,
			);
			path = Exercises;
			sourceTree = "<group>";
		};
		B23E0F5D27FD45E20060E7CF /* StartWorkout */ = {
			isa = PBXGroup;
			children = (
				B23E0F5E27FD47C40060E7CF /* StartWorkoutVC.swift */,
				B23E0F6027FD4E7A0060E7CF /* WorkoutVC.swift */,
				B23E0F6227FD52290060E7CF /* WorkoutTableVC.swift */,
			);
			path = StartWorkout;
			sourceTree = "<group>";
		};
		B23E0F7027FE03DE0060E7CF /* AccessoryViews */ = {
			isa = PBXGroup;
			children = (
				B2D67F5A27FB2AA200ECC969 /* ChartTitleView.swift */,
				B23E0F6C27FDF8F40060E7CF /* CircleView.swift */,
			);
			path = AccessoryViews;
			sourceTree = "<group>";
		};
		B2D67F0F27F75FF700ECC969 = {
			isa = PBXGroup;
			children = (
				B2D67F1A27F75FF700ECC969 /* Jungle */,
				B2D67F1927F75FF700ECC969 /* Products */,
			);
			sourceTree = "<group>";
		};
		B2D67F1927F75FF700ECC969 /* Products */ = {
			isa = PBXGroup;
			children = (
				B2D67F1827F75FF700ECC969 /* Jungle.app */,
			);
			name = Products;
			sourceTree = "<group>";
		};
		B2D67F1A27F75FF700ECC969 /* Jungle */ = {
			isa = PBXGroup;
			children = (
				B2D67F4527FA186E00ECC969 /* Utils */,
				B2D67F3827F766D000ECC969 /* Models */,
				B2D67F3527F7669100ECC969 /* ViewModels */,
				B2D67F3227F763E900ECC969 /* Views */,
				B2D67F1B27F75FF700ECC969 /* AppDelegate.swift */,
				B2D67F1D27F75FF700ECC969 /* SceneDelegate.swift */,
				B2D67F2127F75FF700ECC969 /* Main.storyboard */,
				B2D67F2727F75FF900ECC969 /* Assets.xcassets */,
				B2D67F2927F75FF900ECC969 /* LaunchScreen.storyboard */,
				B2E33E1327FC9DC1009FFB04 /* Jungle.xcdatamodeld */,
				B2D67F2C27F75FF900ECC969 /* Info.plist */,
				B2D67F3B27F7765C00ECC969 /* Exercises.json */,
			);
			path = Jungle;
			sourceTree = "<group>";
		};
		B2D67F3227F763E900ECC969 /* Views */ = {
			isa = PBXGroup;
			children = (
				B23E0F7027FE03DE0060E7CF /* AccessoryViews */,
				B2D67F5927FB2A7000ECC969 /* TableViewCells */,
				B2D67F5827FB2A5B00ECC969 /* ViewControllers */,
			);
			path = Views;
			sourceTree = "<group>";
		};
		B2D67F3527F7669100ECC969 /* ViewModels */ = {
			isa = PBXGroup;
			children = (
				B2D67F3627F7669F00ECC969 /* ExerciseViewModel.swift */,
				B2D67F3D27F7767E00ECC969 /* ExercisesViewModel.swift */,
				B2D67F5427FA723A00ECC969 /* HistoryViewModel.swift */,
				B23E0F7127FE47900060E7CF /* SetViewModel.swift */,
				B23E0F7527FE63350060E7CF /* WorkoutViewModel.swift */,
			);
			path = ViewModels;
			sourceTree = "<group>";
		};
		B2D67F3827F766D000ECC969 /* Models */ = {
			isa = PBXGroup;
			children = (
				B2D67F3927F766DA00ECC969 /* Exercise.swift */,
				B23E0F7327FE48190060E7CF /* WorkoutSet.swift */,
			);
			path = Models;
			sourceTree = "<group>";
		};
		B2D67F4527FA186E00ECC969 /* Utils */ = {
			isa = PBXGroup;
			children = (
				B23E0F5A27FD41730060E7CF /* CoreDataUtil.swift */,
				B2D67F5627FA75A300ECC969 /* Date+Extensions.swift */,
				B23E0F6E27FE00560060E7CF /* UITextField+Extensions.swift */,
				B23E0F7727FF48B70060E7CF /* HeaderLabel.swift */,
				B23E0F7927FF49970060E7CF /* Constants.swift */,
			);
			path = Utils;
			sourceTree = "<group>";
		};
		B2D67F5827FB2A5B00ECC969 /* ViewControllers */ = {
			isa = PBXGroup;
			children = (
				B23E0F5D27FD45E20060E7CF /* StartWorkout */,
				B23E0F5C27FD45D70060E7CF /* Exercises */,
			);
			path = ViewControllers;
			sourceTree = "<group>";
		};
		B2D67F5927FB2A7000ECC969 /* TableViewCells */ = {
			isa = PBXGroup;
			children = (
				B2D67F4C27FA495200ECC969 /* HistoryTableViewCell.swift */,
				B2D67F3327F7641000ECC969 /* ExerciseTableViewCell.swift */,
				B23E0F6427FD53340060E7CF /* WorkoutSetHeaderTableViewCell.swift */,
				B23E0F6627FD5D120060E7CF /* WorkoutTableHeaderFooterView.swift */,
				B23E0F6827FDEC170060E7CF /* WorkoutSetTableViewCell.swift */,
			);
			path = TableViewCells;
			sourceTree = "<group>";
		};
/* End PBXGroup section */

/* Begin PBXNativeTarget section */
		B2D67F1727F75FF700ECC969 /* Jungle */ = {
			isa = PBXNativeTarget;
			buildConfigurationList = B2D67F2F27F75FF900ECC969 /* Build configuration list for PBXNativeTarget "Jungle" */;
			buildPhases = (
				B2D67F1427F75FF700ECC969 /* Sources */,
				B2D67F1527F75FF700ECC969 /* Frameworks */,
				B2D67F1627F75FF700ECC969 /* Resources */,
			);
			buildRules = (
			);
			dependencies = (
			);
			name = Jungle;
			packageProductDependencies = (
				B2D67F5227FA557B00ECC969 /* Charts */,
			);
			productName = Jungle;
			productReference = B2D67F1827F75FF700ECC969 /* Jungle.app */;
			productType = "com.apple.product-type.application";
		};
/* End PBXNativeTarget section */

/* Begin PBXProject section */
		B2D67F1027F75FF700ECC969 /* Project object */ = {
			isa = PBXProject;
			attributes = {
				BuildIndependentTargetsInParallel = 1;
				LastSwiftUpdateCheck = 1320;
				LastUpgradeCheck = 1320;
				TargetAttributes = {
					B2D67F1727F75FF700ECC969 = {
						CreatedOnToolsVersion = 13.2.1;
					};
				};
			};
			buildConfigurationList = B2D67F1327F75FF700ECC969 /* Build configuration list for PBXProject "Jungle" */;
			compatibilityVersion = "Xcode 13.0";
			developmentRegion = en;
			hasScannedForEncodings = 0;
			knownRegions = (
				en,
				Base,
			);
			mainGroup = B2D67F0F27F75FF700ECC969;
			packageReferences = (
				B2D67F5127FA557B00ECC969 /* XCRemoteSwiftPackageReference "Charts" */,
			);
			productRefGroup = B2D67F1927F75FF700ECC969 /* Products */;
			projectDirPath = "";
			projectRoot = "";
			targets = (
				B2D67F1727F75FF700ECC969 /* Jungle */,
			);
		};
/* End PBXProject section */

/* Begin PBXResourcesBuildPhase section */
		B2D67F1627F75FF700ECC969 /* Resources */ = {
			isa = PBXResourcesBuildPhase;
			buildActionMask = 2147483647;
			files = (
				B2D67F2B27F75FF900ECC969 /* LaunchScreen.storyboard in Resources */,
				B2D67F3C27F7765C00ECC969 /* Exercises.json in Resources */,
				B2D67F2827F75FF900ECC969 /* Assets.xcassets in Resources */,
				B2D67F2327F75FF700ECC969 /* Main.storyboard in Resources */,
			);
			runOnlyForDeploymentPostprocessing = 0;
		};
/* End PBXResourcesBuildPhase section */

/* Begin PBXSourcesBuildPhase section */
		B2D67F1427F75FF700ECC969 /* Sources */ = {
			isa = PBXSourcesBuildPhase;
			buildActionMask = 2147483647;
			files = (
				B2D67F4D27FA495200ECC969 /* HistoryTableViewCell.swift in Sources */,
				B2D67F5727FA75A300ECC969 /* Date+Extensions.swift in Sources */,
				B23E0F7427FE48190060E7CF /* WorkoutSet.swift in Sources */,
				B2D67F5B27FB2AA200ECC969 /* ChartTitleView.swift in Sources */,
				B23E0F6527FD53340060E7CF /* WorkoutSetHeaderTableViewCell.swift in Sources */,
				B23E0F7A27FF49970060E7CF /* Constants.swift in Sources */,
				B2D67F3E27F7767E00ECC969 /* ExercisesViewModel.swift in Sources */,
				B23E0F7227FE47900060E7CF /* SetViewModel.swift in Sources */,
				B2D67F3727F7669F00ECC969 /* ExerciseViewModel.swift in Sources */,
				B23E0F5F27FD47C40060E7CF /* StartWorkoutVC.swift in Sources */,
				B23E0F6D27FDF8F40060E7CF /* CircleView.swift in Sources */,
				B2D67F3427F7641000ECC969 /* ExerciseTableViewCell.swift in Sources */,
				B23E0F6F27FE00560060E7CF /* UITextField+Extensions.swift in Sources */,
				B23E0F6927FDEC170060E7CF /* WorkoutSetTableViewCell.swift in Sources */,
				B2D67F4B27FA3FC300ECC969 /* ExerciseDetailVC.swift in Sources */,
				B23E0F6727FD5D120060E7CF /* WorkoutTableHeaderFooterView.swift in Sources */,
				B2D67F5527FA723A00ECC969 /* HistoryViewModel.swift in Sources */,
				B2D67F2027F75FF700ECC969 /* ExerciseTableVC.swift in Sources */,
				B2D67F1C27F75FF700ECC969 /* AppDelegate.swift in Sources */,
				B2E33E1527FC9DC1009FFB04 /* Jungle.xcdatamodeld in Sources */,
				B23E0F7627FE63350060E7CF /* WorkoutViewModel.swift in Sources */,
				B23E0F6327FD52290060E7CF /* WorkoutTableVC.swift in Sources */,
				B23E0F7827FF48B80060E7CF /* HeaderLabel.swift in Sources */,
				B23E0F6127FD4E7A0060E7CF /* WorkoutVC.swift in Sources */,
				B2D67F3A27F766DA00ECC969 /* Exercise.swift in Sources */,
				B2D67F5D27FB305B00ECC969 /* ExerciseHistoryVC.swift in Sources */,
				B2D67F1E27F75FF700ECC969 /* SceneDelegate.swift in Sources */,
				B23E0F5B27FD41730060E7CF /* CoreDataUtil.swift in Sources */,
				B2D67F5F27FB370C00ECC969 /* ExerciseChartVC.swift in Sources */,
			);
			runOnlyForDeploymentPostprocessing = 0;
		};
/* End PBXSourcesBuildPhase section */

/* Begin PBXVariantGroup section */
		B2D67F2127F75FF700ECC969 /* Main.storyboard */ = {
			isa = PBXVariantGroup;
			children = (
				B2D67F2227F75FF700ECC969 /* Base */,
			);
			name = Main.storyboard;
			sourceTree = "<group>";
		};
		B2D67F2927F75FF900ECC969 /* LaunchScreen.storyboard */ = {
			isa = PBXVariantGroup;
			children = (
				B2D67F2A27F75FF900ECC969 /* Base */,
			);
			name = LaunchScreen.storyboard;
			sourceTree = "<group>";
		};
/* End PBXVariantGroup section */

/* Begin XCBuildConfiguration section */
		B2D67F2D27F75FF900ECC969 /* Debug */ = {
			isa = XCBuildConfiguration;
			buildSettings = {
				ALWAYS_SEARCH_USER_PATHS = NO;
				CLANG_ANALYZER_NONNULL = YES;
				CLANG_ANALYZER_NUMBER_OBJECT_CONVERSION = YES_AGGRESSIVE;
				CLANG_CXX_LANGUAGE_STANDARD = "gnu++17";
				CLANG_CXX_LIBRARY = "libc++";
				CLANG_ENABLE_MODULES = YES;
				CLANG_ENABLE_OBJC_ARC = YES;
				CLANG_ENABLE_OBJC_WEAK = YES;
				CLANG_WARN_BLOCK_CAPTURE_AUTORELEASING = YES;
				CLANG_WARN_BOOL_CONVERSION = YES;
				CLANG_WARN_COMMA = YES;
				CLANG_WARN_CONSTANT_CONVERSION = YES;
				CLANG_WARN_DEPRECATED_OBJC_IMPLEMENTATIONS = YES;
				CLANG_WARN_DIRECT_OBJC_ISA_USAGE = YES_ERROR;
				CLANG_WARN_DOCUMENTATION_COMMENTS = YES;
				CLANG_WARN_EMPTY_BODY = YES;
				CLANG_WARN_ENUM_CONVERSION = YES;
				CLANG_WARN_INFINITE_RECURSION = YES;
				CLANG_WARN_INT_CONVERSION = YES;
				CLANG_WARN_NON_LITERAL_NULL_CONVERSION = YES;
				CLANG_WARN_OBJC_IMPLICIT_RETAIN_SELF = YES;
				CLANG_WARN_OBJC_LITERAL_CONVERSION = YES;
				CLANG_WARN_OBJC_ROOT_CLASS = YES_ERROR;
				CLANG_WARN_QUOTED_INCLUDE_IN_FRAMEWORK_HEADER = YES;
				CLANG_WARN_RANGE_LOOP_ANALYSIS = YES;
				CLANG_WARN_STRICT_PROTOTYPES = YES;
				CLANG_WARN_SUSPICIOUS_MOVE = YES;
				CLANG_WARN_UNGUARDED_AVAILABILITY = YES_AGGRESSIVE;
				CLANG_WARN_UNREACHABLE_CODE = YES;
				CLANG_WARN__DUPLICATE_METHOD_MATCH = YES;
				COPY_PHASE_STRIP = NO;
				DEBUG_INFORMATION_FORMAT = dwarf;
				ENABLE_STRICT_OBJC_MSGSEND = YES;
				ENABLE_TESTABILITY = YES;
				GCC_C_LANGUAGE_STANDARD = gnu11;
				GCC_DYNAMIC_NO_PIC = NO;
				GCC_NO_COMMON_BLOCKS = YES;
				GCC_OPTIMIZATION_LEVEL = 0;
				GCC_PREPROCESSOR_DEFINITIONS = (
					"DEBUG=1",
					"$(inherited)",
				);
				GCC_WARN_64_TO_32_BIT_CONVERSION = YES;
				GCC_WARN_ABOUT_RETURN_TYPE = YES_ERROR;
				GCC_WARN_UNDECLARED_SELECTOR = YES;
				GCC_WARN_UNINITIALIZED_AUTOS = YES_AGGRESSIVE;
				GCC_WARN_UNUSED_FUNCTION = YES;
				GCC_WARN_UNUSED_VARIABLE = YES;
				IPHONEOS_DEPLOYMENT_TARGET = 15.0;
				MTL_ENABLE_DEBUG_INFO = INCLUDE_SOURCE;
				MTL_FAST_MATH = YES;
				ONLY_ACTIVE_ARCH = YES;
				SDKROOT = iphoneos;
				SWIFT_ACTIVE_COMPILATION_CONDITIONS = DEBUG;
				SWIFT_OPTIMIZATION_LEVEL = "-Onone";
			};
			name = Debug;
		};
		B2D67F2E27F75FF900ECC969 /* Release */ = {
			isa = XCBuildConfiguration;
			buildSettings = {
				ALWAYS_SEARCH_USER_PATHS = NO;
				CLANG_ANALYZER_NONNULL = YES;
				CLANG_ANALYZER_NUMBER_OBJECT_CONVERSION = YES_AGGRESSIVE;
				CLANG_CXX_LANGUAGE_STANDARD = "gnu++17";
				CLANG_CXX_LIBRARY = "libc++";
				CLANG_ENABLE_MODULES = YES;
				CLANG_ENABLE_OBJC_ARC = YES;
				CLANG_ENABLE_OBJC_WEAK = YES;
				CLANG_WARN_BLOCK_CAPTURE_AUTORELEASING = YES;
				CLANG_WARN_BOOL_CONVERSION = YES;
				CLANG_WARN_COMMA = YES;
				CLANG_WARN_CONSTANT_CONVERSION = YES;
				CLANG_WARN_DEPRECATED_OBJC_IMPLEMENTATIONS = YES;
				CLANG_WARN_DIRECT_OBJC_ISA_USAGE = YES_ERROR;
				CLANG_WARN_DOCUMENTATION_COMMENTS = YES;
				CLANG_WARN_EMPTY_BODY = YES;
				CLANG_WARN_ENUM_CONVERSION = YES;
				CLANG_WARN_INFINITE_RECURSION = YES;
				CLANG_WARN_INT_CONVERSION = YES;
				CLANG_WARN_NON_LITERAL_NULL_CONVERSION = YES;
				CLANG_WARN_OBJC_IMPLICIT_RETAIN_SELF = YES;
				CLANG_WARN_OBJC_LITERAL_CONVERSION = YES;
				CLANG_WARN_OBJC_ROOT_CLASS = YES_ERROR;
				CLANG_WARN_QUOTED_INCLUDE_IN_FRAMEWORK_HEADER = YES;
				CLANG_WARN_RANGE_LOOP_ANALYSIS = YES;
				CLANG_WARN_STRICT_PROTOTYPES = YES;
				CLANG_WARN_SUSPICIOUS_MOVE = YES;
				CLANG_WARN_UNGUARDED_AVAILABILITY = YES_AGGRESSIVE;
				CLANG_WARN_UNREACHABLE_CODE = YES;
				CLANG_WARN__DUPLICATE_METHOD_MATCH = YES;
				COPY_PHASE_STRIP = NO;
				DEBUG_INFORMATION_FORMAT = "dwarf-with-dsym";
				ENABLE_NS_ASSERTIONS = NO;
				ENABLE_STRICT_OBJC_MSGSEND = YES;
				GCC_C_LANGUAGE_STANDARD = gnu11;
				GCC_NO_COMMON_BLOCKS = YES;
				GCC_WARN_64_TO_32_BIT_CONVERSION = YES;
				GCC_WARN_ABOUT_RETURN_TYPE = YES_ERROR;
				GCC_WARN_UNDECLARED_SELECTOR = YES;
				GCC_WARN_UNINITIALIZED_AUTOS = YES_AGGRESSIVE;
				GCC_WARN_UNUSED_FUNCTION = YES;
				GCC_WARN_UNUSED_VARIABLE = YES;
				IPHONEOS_DEPLOYMENT_TARGET = 15.0;
				MTL_ENABLE_DEBUG_INFO = NO;
				MTL_FAST_MATH = YES;
				SDKROOT = iphoneos;
				SWIFT_COMPILATION_MODE = wholemodule;
				SWIFT_OPTIMIZATION_LEVEL = "-O";
				VALIDATE_PRODUCT = YES;
			};
			name = Release;
		};
		B2D67F3027F75FF900ECC969 /* Debug */ = {
			isa = XCBuildConfiguration;
			buildSettings = {
				ASSETCATALOG_COMPILER_APPICON_NAME = AppIcon;
				ASSETCATALOG_COMPILER_GLOBAL_ACCENT_COLOR_NAME = AccentColor;
				CODE_SIGN_STYLE = Automatic;
				CURRENT_PROJECT_VERSION = 1;
				DEVELOPMENT_TEAM = AK54934WQ2;
				GENERATE_INFOPLIST_FILE = YES;
				INFOPLIST_FILE = Jungle/Info.plist;
				INFOPLIST_KEY_UIApplicationSupportsIndirectInputEvents = YES;
				INFOPLIST_KEY_UILaunchStoryboardName = LaunchScreen;
				INFOPLIST_KEY_UIMainStoryboardFile = Main;
				INFOPLIST_KEY_UISupportedInterfaceOrientations_iPad = "UIInterfaceOrientationPortrait UIInterfaceOrientationPortraitUpsideDown UIInterfaceOrientationLandscapeLeft UIInterfaceOrientationLandscapeRight";
				INFOPLIST_KEY_UISupportedInterfaceOrientations_iPhone = "UIInterfaceOrientationPortrait UIInterfaceOrientationLandscapeLeft UIInterfaceOrientationLandscapeRight";
				LD_RUNPATH_SEARCH_PATHS = (
					"$(inherited)",
					"@executable_path/Frameworks",
				);
				MARKETING_VERSION = 1.0;
				PRODUCT_BUNDLE_IDENTIFIER = com.KianaDyson.Jungle;
				PRODUCT_NAME = "$(TARGET_NAME)";
				SWIFT_EMIT_LOC_STRINGS = YES;
				SWIFT_VERSION = 5.0;
				TARGETED_DEVICE_FAMILY = "1,2";
			};
			name = Debug;
		};
		B2D67F3127F75FF900ECC969 /* Release */ = {
			isa = XCBuildConfiguration;
			buildSettings = {
				ASSETCATALOG_COMPILER_APPICON_NAME = AppIcon;
				ASSETCATALOG_COMPILER_GLOBAL_ACCENT_COLOR_NAME = AccentColor;
				CODE_SIGN_STYLE = Automatic;
				CURRENT_PROJECT_VERSION = 1;
				DEVELOPMENT_TEAM = AK54934WQ2;
				GENERATE_INFOPLIST_FILE = YES;
				INFOPLIST_FILE = Jungle/Info.plist;
				INFOPLIST_KEY_UIApplicationSupportsIndirectInputEvents = YES;
				INFOPLIST_KEY_UILaunchStoryboardName = LaunchScreen;
				INFOPLIST_KEY_UIMainStoryboardFile = Main;
				INFOPLIST_KEY_UISupportedInterfaceOrientations_iPad = "UIInterfaceOrientationPortrait UIInterfaceOrientationPortraitUpsideDown UIInterfaceOrientationLandscapeLeft UIInterfaceOrientationLandscapeRight";
				INFOPLIST_KEY_UISupportedInterfaceOrientations_iPhone = "UIInterfaceOrientationPortrait UIInterfaceOrientationLandscapeLeft UIInterfaceOrientationLandscapeRight";
				LD_RUNPATH_SEARCH_PATHS = (
					"$(inherited)",
					"@executable_path/Frameworks",
				);
				MARKETING_VERSION = 1.0;
				PRODUCT_BUNDLE_IDENTIFIER = com.KianaDyson.Jungle;
				PRODUCT_NAME = "$(TARGET_NAME)";
				SWIFT_EMIT_LOC_STRINGS = YES;
				SWIFT_VERSION = 5.0;
				TARGETED_DEVICE_FAMILY = "1,2";
			};
			name = Release;
		};
/* End XCBuildConfiguration section */

/* Begin XCConfigurationList section */
		B2D67F1327F75FF700ECC969 /* Build configuration list for PBXProject "Jungle" */ = {
			isa = XCConfigurationList;
			buildConfigurations = (
				B2D67F2D27F75FF900ECC969 /* Debug */,
				B2D67F2E27F75FF900ECC969 /* Release */,
			);
			defaultConfigurationIsVisible = 0;
			defaultConfigurationName = Release;
		};
		B2D67F2F27F75FF900ECC969 /* Build configuration list for PBXNativeTarget "Jungle" */ = {
			isa = XCConfigurationList;
			buildConfigurations = (
				B2D67F3027F75FF900ECC969 /* Debug */,
				B2D67F3127F75FF900ECC969 /* Release */,
			);
			defaultConfigurationIsVisible = 0;
			defaultConfigurationName = Release;
		};
/* End XCConfigurationList section */

/* Begin XCRemoteSwiftPackageReference section */
		B2D67F5127FA557B00ECC969 /* XCRemoteSwiftPackageReference "Charts" */ = {
			isa = XCRemoteSwiftPackageReference;
			repositoryURL = "https://github.com/danielgindi/Charts.git";
			requirement = {
				kind = upToNextMajorVersion;
				minimumVersion = 3.0.0;
			};
		};
/* End XCRemoteSwiftPackageReference section */

/* Begin XCSwiftPackageProductDependency section */
		B2D67F5227FA557B00ECC969 /* Charts */ = {
			isa = XCSwiftPackageProductDependency;
			package = B2D67F5127FA557B00ECC969 /* XCRemoteSwiftPackageReference "Charts" */;
			productName = Charts;
		};
/* End XCSwiftPackageProductDependency section */

/* Begin XCVersionGroup section */
		B2E33E1327FC9DC1009FFB04 /* Jungle.xcdatamodeld */ = {
			isa = XCVersionGroup;
			children = (
				B2E33E1427FC9DC1009FFB04 /* Jungle.xcdatamodel */,
			);
			currentVersion = B2E33E1427FC9DC1009FFB04 /* Jungle.xcdatamodel */;
			path = Jungle.xcdatamodeld;
			sourceTree = "<group>";
			versionGroupType = wrapper.xcdatamodel;
		};
/* End XCVersionGroup section */
	};
	rootObject = B2D67F1027F75FF700ECC969 /* Project object */;
}
